
Microsoft Visual Studio Solution File, Format Version 12.00
# Visual Studio Version 17
VisualStudioVersion = 17.9.34728.123
MinimumVisualStudioVersion = 10.0.40219.1
Project("{FAE04EC0-301F-11D3-BF4B-00C04F79EFBC}") = "SampleProjectConsole", "SampleProjectConsole.csproj", "{761AC415-13C8-430D-90C6-6B646D1AB181}"
EndProject
Global
	GlobalSection(SolutionConfigurationPlatforms) = preSolution
		Debug|Any CPU = Debug|Any CPU
		Release|Any CPU = Release|Any CPU
	EndGlobalSection
	GlobalSection(ProjectConfigurationPlatforms) = postSolution
		{761AC415-13C8-430D-90C6-6B646D1AB181}.Debug|Any CPU.ActiveCfg = Debug|Any CPU
		{761AC415-13C8-430D-90C6-6B646D1AB181}.Debug|Any CPU.Build.0 = Debug|Any CPU
		{761AC415-13C8-430D-90C6-6B646D1AB181}.Release|Any CPU.ActiveCfg = Release|Any CPU
		{761AC415-13C8-430D-90C6-6B646D1AB181}.Release|Any CPU.Build.0 = Release|Any CPU
	EndGlobalSection
	GlobalSection(SolutionProperties) = preSolution
		HideSolutionNode = FALSE
	EndGlobalSection
	GlobalSection(ExtensibilityGlobals) = postSolution
		SolutionGuid = {8C5E94DF-260C-407A-A2FC-F35813AC6669}
	EndGlobalSection
EndGlobal
